
Microsoft Visual Studio Solution File, Format Version 12.00
# Visual Studio Version 17
VisualStudioVersion = 17.8.34330.188
MinimumVisualStudioVersion = 10.0.40219.1
Project("{FAE04EC0-301F-11D3-BF4B-00C04F79EFBC}") = "DataAccess", "DataAccess\DataAccess.csproj", "{A3111EDC-6B15-4CA5-ABF8-73227AFE9004}"
EndProject
Project("{FAE04EC0-301F-11D3-BF4B-00C04F79EFBC}") = "BusinessObject", "BusinessObject\BusinessObject.csproj", "{A121DB2C-0E57-4B6C-A8C4-3C97B6B813EA}"
EndProject
Project("{FAE04EC0-301F-11D3-BF4B-00C04F79EFBC}") = "MyStoreWinApp", "MyStoreWinApp\MyStoreWinApp.csproj", "{1277A2F7-71E2-4285-85C0-F15D87E1E614}"
EndProject
Project("{2150E333-8FDC-42A3-9474-1A3956D46DE8}") = "2. Business Layer", "2. Business Layer", "{0FB47D25-F17F-4BED-943F-AF026DBA79A3}"
EndProject
Project("{2150E333-8FDC-42A3-9474-1A3956D46DE8}") = "1. Presentation Layer", "1. Presentation Layer", "{DA5F558D-5364-4994-92A9-915FA23285F4}"
EndProject
Project("{2150E333-8FDC-42A3-9474-1A3956D46DE8}") = "3. Data Layer", "3. Data Layer", "{1B3D7598-44D0-4F4F-87DE-875F17A22534}"
EndProject
Global
	GlobalSection(SolutionConfigurationPlatforms) = preSolution
		Debug|Any CPU = Debug|Any CPU
		Release|Any CPU = Release|Any CPU
	EndGlobalSection
	GlobalSection(ProjectConfigurationPlatforms) = postSolution
		{A3111EDC-6B15-4CA5-ABF8-73227AFE9004}.Debug|Any CPU.ActiveCfg = Debug|Any CPU
		{A3111EDC-6B15-4CA5-ABF8-73227AFE9004}.Debug|Any CPU.Build.0 = Debug|Any CPU
		{A3111EDC-6B15-4CA5-ABF8-73227AFE9004}.Release|Any CPU.ActiveCfg = Release|Any CPU
		{A3111EDC-6B15-4CA5-ABF8-73227AFE9004}.Release|Any CPU.Build.0 = Release|Any CPU
		{A121DB2C-0E57-4B6C-A8C4-3C97B6B813EA}.Debug|Any CPU.ActiveCfg = Debug|Any CPU
		{A121DB2C-0E57-4B6C-A8C4-3C97B6B813EA}.Debug|Any CPU.Build.0 = Debug|Any CPU
		{A121DB2C-0E57-4B6C-A8C4-3C97B6B813EA}.Release|Any CPU.ActiveCfg = Release|Any CPU
		{A121DB2C-0E57-4B6C-A8C4-3C97B6B813EA}.Release|Any CPU.Build.0 = Release|Any CPU
		{1277A2F7-71E2-4285-85C0-F15D87E1E614}.Debug|Any CPU.ActiveCfg = Debug|Any CPU
		{1277A2F7-71E2-4285-85C0-F15D87E1E614}.Debug|Any CPU.Build.0 = Debug|Any CPU
		{1277A2F7-71E2-4285-85C0-F15D87E1E614}.Release|Any CPU.ActiveCfg = Release|Any CPU
		{1277A2F7-71E2-4285-85C0-F15D87E1E614}.Release|Any CPU.Build.0 = Release|Any CPU
	EndGlobalSection
	GlobalSection(SolutionProperties) = preSolution
		HideSolutionNode = FALSE
	EndGlobalSection
	GlobalSection(NestedProjects) = preSolution
		{A3111EDC-6B15-4CA5-ABF8-73227AFE9004} = {1B3D7598-44D0-4F4F-87DE-875F17A22534}
		{A121DB2C-0E57-4B6C-A8C4-3C97B6B813EA} = {0FB47D25-F17F-4BED-943F-AF026DBA79A3}
		{1277A2F7-71E2-4285-85C0-F15D87E1E614} = {DA5F558D-5364-4994-92A9-915FA23285F4}
	EndGlobalSection
	GlobalSection(ExtensibilityGlobals) = postSolution
		SolutionGuid = {1B01C5AD-DB89-453F-AB64-6F4D012044E9}
	EndGlobalSection
EndGlobal
